
Microsoft Visual Studio Solution File, Format Version 12.00
# Visual Studio 15
VisualStudioVersion = 15.0.28307.539
MinimumVisualStudioVersion = 10.0.40219.1
Project("{FAE04EC0-301F-11D3-BF4B-00C04F79EFBC}") = "RussianRoulleteGame", "RussianRoulleteGame\RussianRoulleteGame.csproj", "{625B0BDC-5579-4714-BEDA-405A1D708521}"
EndProject
Global
	GlobalSection(SolutionConfigurationPlatforms) = preSolution
		Debug|Any CPU = Debug|Any CPU
		Release|Any CPU = Release|Any CPU
	EndGlobalSection
	GlobalSection(ProjectConfigurationPlatforms) = postSolution
		{625B0BDC-5579-4714-BEDA-405A1D708521}.Debug|Any CPU.ActiveCfg = Debug|Any CPU
		{625B0BDC-5579-4714-BEDA-405A1D708521}.Debug|Any CPU.Build.0 = Debug|Any CPU
		{625B0BDC-5579-4714-BEDA-405A1D708521}.Release|Any CPU.ActiveCfg = Release|Any CPU
		{625B0BDC-5579-4714-BEDA-405A1D708521}.Release|Any CPU.Build.0 = Release|Any CPU
	EndGlobalSection
	GlobalSection(SolutionProperties) = preSolution
		HideSolutionNode = FALSE
	EndGlobalSection
	GlobalSection(ExtensibilityGlobals) = postSolution
		SolutionGuid = {3E00CD9B-46C2-4445-9775-70FDEFEA6CA6}
	EndGlobalSection
EndGlobal
